// !$*UTF8*$!
{
	archiveVersion = 1;
	classes = {
	};
	objectVersion = 50;
	objects = {

/* Begin PBXBuildFile section */
		2E19B8CB2637F600005FD67F /* LaunchViewController.swift in Sources */ = {isa = PBXBuildFile; fileRef = 2E19B8CA2637F600005FD67F /* LaunchViewController.swift */; };
		2E19B8CE26380323005FD67F /* DiaryViewController.swift in Sources */ = {isa = PBXBuildFile; fileRef = 2E19B8CD26380323005FD67F /* DiaryViewController.swift */; };
		2E19B8D026380341005FD67F /* Meal.swift in Sources */ = {isa = PBXBuildFile; fileRef = 2E19B8CF26380341005FD67F /* Meal.swift */; };
		2E19B8D526380397005FD67F /* MealsTableViewCell.swift in Sources */ = {isa = PBXBuildFile; fileRef = 2E19B8D326380397005FD67F /* MealsTableViewCell.swift */; };
		2E19B8D626380397005FD67F /* MealsTableViewCell.xib in Resources */ = {isa = PBXBuildFile; fileRef = 2E19B8D426380397005FD67F /* MealsTableViewCell.xib */; };
		2E19B8D8263803BC005FD67F /* Record.swift in Sources */ = {isa = PBXBuildFile; fileRef = 2E19B8D7263803BC005FD67F /* Record.swift */; };
		2E19B8DA263803F2005FD67F /* SecondDiaryViewController.swift in Sources */ = {isa = PBXBuildFile; fileRef = 2E19B8D9263803F2005FD67F /* SecondDiaryViewController.swift */; };
		2E19B8DD26380425005FD67F /* RecordsTableViewCell.swift in Sources */ = {isa = PBXBuildFile; fileRef = 2E19B8DB26380425005FD67F /* RecordsTableViewCell.swift */; };
		2E19B8DE26380425005FD67F /* RecordsTableViewCell.xib in Resources */ = {isa = PBXBuildFile; fileRef = 2E19B8DC26380425005FD67F /* RecordsTableViewCell.xib */; };
		CE07C92B2633FFE1007853EF /* ExercisesCell.swift in Sources */ = {isa = PBXBuildFile; fileRef = CE07C92A2633FFE1007853EF /* ExercisesCell.swift */; };
		CE07C92D2634003B007853EF /* ExercisesViewController.swift in Sources */ = {isa = PBXBuildFile; fileRef = CE07C92C2634003B007853EF /* ExercisesViewController.swift */; };
		CE07C92F26340182007853EF /* ExerciseClass.swift in Sources */ = {isa = PBXBuildFile; fileRef = CE07C92E26340182007853EF /* ExerciseClass.swift */; };
		CE88C1F1262E9CD100FD443A /* AppDelegate.swift in Sources */ = {isa = PBXBuildFile; fileRef = CE88C1F0262E9CD100FD443A /* AppDelegate.swift */; };
		CE88C1F3262E9CD100FD443A /* ViewController.swift in Sources */ = {isa = PBXBuildFile; fileRef = CE88C1F2262E9CD100FD443A /* ViewController.swift */; };
		CE88C1F6262E9CD100FD443A /* Main.storyboard in Resources */ = {isa = PBXBuildFile; fileRef = CE88C1F4262E9CD100FD443A /* Main.storyboard */; };
		CE88C1F9262E9CD100FD443A /* FemFit.xcdatamodeld in Sources */ = {isa = PBXBuildFile; fileRef = CE88C1F7262E9CD100FD443A /* FemFit.xcdatamodeld */; };
		CE88C1FB262E9CD300FD443A /* Assets.xcassets in Resources */ = {isa = PBXBuildFile; fileRef = CE88C1FA262E9CD300FD443A /* Assets.xcassets */; };
		CE88C1FE262E9CD300FD443A /* LaunchScreen.storyboard in Resources */ = {isa = PBXBuildFile; fileRef = CE88C1FC262E9CD300FD443A /* LaunchScreen.storyboard */; };
/* End PBXBuildFile section */

/* Begin PBXFileReference section */
		2E19B8CA2637F600005FD67F /* LaunchViewController.swift */ = {isa = PBXFileReference; lastKnownFileType = sourcecode.swift; path = LaunchViewController.swift; sourceTree = "<group>"; };
		2E19B8CD26380323005FD67F /* DiaryViewController.swift */ = {isa = PBXFileReference; lastKnownFileType = sourcecode.swift; path = DiaryViewController.swift; sourceTree = "<group>"; };
		2E19B8CF26380341005FD67F /* Meal.swift */ = {isa = PBXFileReference; lastKnownFileType = sourcecode.swift; path = Meal.swift; sourceTree = "<group>"; };
		2E19B8D326380397005FD67F /* MealsTableViewCell.swift */ = {isa = PBXFileReference; lastKnownFileType = sourcecode.swift; path = MealsTableViewCell.swift; sourceTree = "<group>"; };
		2E19B8D426380397005FD67F /* MealsTableViewCell.xib */ = {isa = PBXFileReference; lastKnownFileType = file.xib; path = MealsTableViewCell.xib; sourceTree = "<group>"; };
		2E19B8D7263803BC005FD67F /* Record.swift */ = {isa = PBXFileReference; lastKnownFileType = sourcecode.swift; path = Record.swift; sourceTree = "<group>"; };
		2E19B8D9263803F2005FD67F /* SecondDiaryViewController.swift */ = {isa = PBXFileReference; lastKnownFileType = sourcecode.swift; path = SecondDiaryViewController.swift; sourceTree = "<group>"; };
		2E19B8DB26380425005FD67F /* RecordsTableViewCell.swift */ = {isa = PBXFileReference; lastKnownFileType = sourcecode.swift; path = RecordsTableViewCell.swift; sourceTree = "<group>"; };
		2E19B8DC26380425005FD67F /* RecordsTableViewCell.xib */ = {isa = PBXFileReference; lastKnownFileType = file.xib; path = RecordsTableViewCell.xib; sourceTree = "<group>"; };
		CE07C92A2633FFE1007853EF /* ExercisesCell.swift */ = {isa = PBXFileReference; lastKnownFileType = sourcecode.swift; path = ExercisesCell.swift; sourceTree = "<group>"; };
		CE07C92C2634003B007853EF /* ExercisesViewController.swift */ = {isa = PBXFileReference; lastKnownFileType = sourcecode.swift; path = ExercisesViewController.swift; sourceTree = "<group>"; };
		CE07C92E26340182007853EF /* ExerciseClass.swift */ = {isa = PBXFileReference; lastKnownFileType = sourcecode.swift; path = ExerciseClass.swift; sourceTree = "<group>"; };
		CE88C1ED262E9CD100FD443A /* FemFit.app */ = {isa = PBXFileReference; explicitFileType = wrapper.application; includeInIndex = 0; path = FemFit.app; sourceTree = BUILT_PRODUCTS_DIR; };
		CE88C1F0262E9CD100FD443A /* AppDelegate.swift */ = {isa = PBXFileReference; lastKnownFileType = sourcecode.swift; path = AppDelegate.swift; sourceTree = "<group>"; };
		CE88C1F2262E9CD100FD443A /* ViewController.swift */ = {isa = PBXFileReference; lastKnownFileType = sourcecode.swift; path = ViewController.swift; sourceTree = "<group>"; };
		CE88C1F5262E9CD100FD443A /* Base */ = {isa = PBXFileReference; lastKnownFileType = file.storyboard; name = Base; path = Base.lproj/Main.storyboard; sourceTree = "<group>"; };
		CE88C1F8262E9CD100FD443A /* FemFit.xcdatamodel */ = {isa = PBXFileReference; lastKnownFileType = wrapper.xcdatamodel; path = FemFit.xcdatamodel; sourceTree = "<group>"; };
		CE88C1FA262E9CD300FD443A /* Assets.xcassets */ = {isa = PBXFileReference; lastKnownFileType = folder.assetcatalog; path = Assets.xcassets; sourceTree = "<group>"; };
		CE88C1FD262E9CD300FD443A /* Base */ = {isa = PBXFileReference; lastKnownFileType = file.storyboard; name = Base; path = Base.lproj/LaunchScreen.storyboard; sourceTree = "<group>"; };
		CE88C1FF262E9CD300FD443A /* Info.plist */ = {isa = PBXFileReference; lastKnownFileType = text.plist.xml; path = Info.plist; sourceTree = "<group>"; };
/* End PBXFileReference section */

/* Begin PBXFrameworksBuildPhase section */
		CE88C1EA262E9CD100FD443A /* Frameworks */ = {
			isa = PBXFrameworksBuildPhase;
			buildActionMask = 2147483647;
			files = (
			);
			runOnlyForDeploymentPostprocessing = 0;
		};
/* End PBXFrameworksBuildPhase section */

/* Begin PBXGroup section */
		2E19B8C92637F5C8005FD67F /* Launch */ = {
			isa = PBXGroup;
			children = (
				2E19B8CA2637F600005FD67F /* LaunchViewController.swift */,
			);
			path = Launch;
			sourceTree = "<group>";
		};
		2E19B8CC2638028B005FD67F /* Diary */ = {
			isa = PBXGroup;
			children = (
				2E19B8CD26380323005FD67F /* DiaryViewController.swift */,
				2E19B8CF26380341005FD67F /* Meal.swift */,
				2E19B8D326380397005FD67F /* MealsTableViewCell.swift */,
				2E19B8D426380397005FD67F /* MealsTableViewCell.xib */,
				2E19B8D7263803BC005FD67F /* Record.swift */,
				2E19B8D9263803F2005FD67F /* SecondDiaryViewController.swift */,
				2E19B8DB26380425005FD67F /* RecordsTableViewCell.swift */,
				2E19B8DC26380425005FD67F /* RecordsTableViewCell.xib */,
			);
			path = Diary;
			sourceTree = "<group>";
		};
		CE07C9292633FF9F007853EF /* Exercises */ = {
			isa = PBXGroup;
			children = (
				CE07C92A2633FFE1007853EF /* ExercisesCell.swift */,
				CE07C92C2634003B007853EF /* ExercisesViewController.swift */,
				CE07C92E26340182007853EF /* ExerciseClass.swift */,
			);
			path = Exercises;
			sourceTree = "<group>";
		};
		CE88C1E4262E9CD100FD443A = {
			isa = PBXGroup;
			children = (
				CE88C1EF262E9CD100FD443A /* FemFit */,
				CE88C1EE262E9CD100FD443A /* Products */,
			);
			sourceTree = "<group>";
		};
		CE88C1EE262E9CD100FD443A /* Products */ = {
			isa = PBXGroup;
			children = (
				CE88C1ED262E9CD100FD443A /* FemFit.app */,
			);
			name = Products;
			sourceTree = "<group>";
		};
		CE88C1EF262E9CD100FD443A /* FemFit */ = {
			isa = PBXGroup;
			children = (
				2E19B8CC2638028B005FD67F /* Diary */,
				2E19B8C92637F5C8005FD67F /* Launch */,
				CE07C9292633FF9F007853EF /* Exercises */,
				CE88C1F0262E9CD100FD443A /* AppDelegate.swift */,
				CE88C1F2262E9CD100FD443A /* ViewController.swift */,
				CE88C1F4262E9CD100FD443A /* Main.storyboard */,
				CE88C1FA262E9CD300FD443A /* Assets.xcassets */,
				CE88C1FC262E9CD300FD443A /* LaunchScreen.storyboard */,
				CE88C1FF262E9CD300FD443A /* Info.plist */,
				CE88C1F7262E9CD100FD443A /* FemFit.xcdatamodeld */,
			);
			path = FemFit;
			sourceTree = "<group>";
		};
/* End PBXGroup section */

/* Begin PBXNativeTarget section */
		CE88C1EC262E9CD100FD443A /* FemFit */ = {
			isa = PBXNativeTarget;
			buildConfigurationList = CE88C202262E9CD300FD443A /* Build configuration list for PBXNativeTarget "FemFit" */;
			buildPhases = (
				CE88C1E9262E9CD100FD443A /* Sources */,
				CE88C1EA262E9CD100FD443A /* Frameworks */,
				CE88C1EB262E9CD100FD443A /* Resources */,
			);
			buildRules = (
			);
			dependencies = (
			);
			name = FemFit;
			productName = FemFit;
			productReference = CE88C1ED262E9CD100FD443A /* FemFit.app */;
			productType = "com.apple.product-type.application";
		};
/* End PBXNativeTarget section */

/* Begin PBXProject section */
		CE88C1E5262E9CD100FD443A /* Project object */ = {
			isa = PBXProject;
			attributes = {
				LastSwiftUpdateCheck = 1000;
				LastUpgradeCheck = 1000;
				ORGANIZATIONNAME = User;
				TargetAttributes = {
					CE88C1EC262E9CD100FD443A = {
						CreatedOnToolsVersion = 10.0;
					};
				};
			};
			buildConfigurationList = CE88C1E8262E9CD100FD443A /* Build configuration list for PBXProject "FemFit" */;
			compatibilityVersion = "Xcode 9.3";
			developmentRegion = en;
			hasScannedForEncodings = 0;
			knownRegions = (
				en,
				Base,
			);
			mainGroup = CE88C1E4262E9CD100FD443A;
			productRefGroup = CE88C1EE262E9CD100FD443A /* Products */;
			projectDirPath = "";
			projectRoot = "";
			targets = (
				CE88C1EC262E9CD100FD443A /* FemFit */,
			);
		};
/* End PBXProject section */

/* Begin PBXResourcesBuildPhase section */
		CE88C1EB262E9CD100FD443A /* Resources */ = {
			isa = PBXResourcesBuildPhase;
			buildActionMask = 2147483647;
			files = (
				2E19B8DE26380425005FD67F /* RecordsTableViewCell.xib in Resources */,
				2E19B8D626380397005FD67F /* MealsTableViewCell.xib in Resources */,
				CE88C1FE262E9CD300FD443A /* LaunchScreen.storyboard in Resources */,
				CE88C1FB262E9CD300FD443A /* Assets.xcassets in Resources */,
				CE88C1F6262E9CD100FD443A /* Main.storyboard in Resources */,
			);
			runOnlyForDeploymentPostprocessing = 0;
		};
/* End PBXResourcesBuildPhase section */

/* Begin PBXSourcesBuildPhase section */
		CE88C1E9262E9CD100FD443A /* Sources */ = {
			isa = PBXSourcesBuildPhase;
			buildActionMask = 2147483647;
			files = (
				CE88C1F9262E9CD100FD443A /* FemFit.xcdatamodeld in Sources */,
				CE07C92F26340182007853EF /* ExerciseClass.swift in Sources */,
				CE07C92B2633FFE1007853EF /* ExercisesCell.swift in Sources */,
				CE88C1F3262E9CD100FD443A /* ViewController.swift in Sources */,
				2E19B8D526380397005FD67F /* MealsTableViewCell.swift in Sources */,
				2E19B8D026380341005FD67F /* Meal.swift in Sources */,
				2E19B8DA263803F2005FD67F /* SecondDiaryViewController.swift in Sources */,
				2E19B8CE26380323005FD67F /* DiaryViewController.swift in Sources */,
				CE88C1F1262E9CD100FD443A /* AppDelegate.swift in Sources */,
				2E19B8CB2637F600005FD67F /* LaunchViewController.swift in Sources */,
				2E19B8D8263803BC005FD67F /* Record.swift in Sources */,
				CE07C92D2634003B007853EF /* ExercisesViewController.swift in Sources */,
				2E19B8DD26380425005FD67F /* RecordsTableViewCell.swift in Sources */,
			);
			runOnlyForDeploymentPostprocessing = 0;
		};
/* End PBXSourcesBuildPhase section */

/* Begin PBXVariantGroup section */
		CE88C1F4262E9CD100FD443A /* Main.storyboard */ = {
			isa = PBXVariantGroup;
			children = (
				CE88C1F5262E9CD100FD443A /* Base */,
			);
			name = Main.storyboard;
			sourceTree = "<group>";
		};
		CE88C1FC262E9CD300FD443A /* LaunchScreen.storyboard */ = {
			isa = PBXVariantGroup;
			children = (
				CE88C1FD262E9CD300FD443A /* Base */,
			);
			name = LaunchScreen.storyboard;
			sourceTree = "<group>";
		};
/* End PBXVariantGroup section */

/* Begin XCBuildConfiguration section */
		CE88C200262E9CD300FD443A /* Debug */ = {
			isa = XCBuildConfiguration;
			buildSettings = {
				ALWAYS_SEARCH_USER_PATHS = NO;
				CLANG_ANALYZER_NONNULL = YES;
				CLANG_ANALYZER_NUMBER_OBJECT_CONVERSION = YES_AGGRESSIVE;
				CLANG_CXX_LANGUAGE_STANDARD = "gnu++14";
				CLANG_CXX_LIBRARY = "libc++";
				CLANG_ENABLE_MODULES = YES;
				CLANG_ENABLE_OBJC_ARC = YES;
				CLANG_ENABLE_OBJC_WEAK = YES;
				CLANG_WARN_BLOCK_CAPTURE_AUTORELEASING = YES;
				CLANG_WARN_BOOL_CONVERSION = YES;
				CLANG_WARN_COMMA = YES;
				CLANG_WARN_CONSTANT_CONVERSION = YES;
				CLANG_WARN_DEPRECATED_OBJC_IMPLEMENTATIONS = YES;
				CLANG_WARN_DIRECT_OBJC_ISA_USAGE = YES_ERROR;
				CLANG_WARN_DOCUMENTATION_COMMENTS = YES;
				CLANG_WARN_EMPTY_BODY = YES;
				CLANG_WARN_ENUM_CONVERSION = YES;
				CLANG_WARN_INFINITE_RECURSION = YES;
				CLANG_WARN_INT_CONVERSION = YES;
				CLANG_WARN_NON_LITERAL_NULL_CONVERSION = YES;
				CLANG_WARN_OBJC_IMPLICIT_RETAIN_SELF = YES;
				CLANG_WARN_OBJC_LITERAL_CONVERSION = YES;
				CLANG_WARN_OBJC_ROOT_CLASS = YES_ERROR;
				CLANG_WARN_RANGE_LOOP_ANALYSIS = YES;
				CLANG_WARN_STRICT_PROTOTYPES = YES;
				CLANG_WARN_SUSPICIOUS_MOVE = YES;
				CLANG_WARN_UNGUARDED_AVAILABILITY = YES_AGGRESSIVE;
				CLANG_WARN_UNREACHABLE_CODE = YES;
				CLANG_WARN__DUPLICATE_METHOD_MATCH = YES;
				CODE_SIGN_IDENTITY = "iPhone Developer";
				COPY_PHASE_STRIP = NO;
				DEBUG_INFORMATION_FORMAT = dwarf;
				ENABLE_STRICT_OBJC_MSGSEND = YES;
				ENABLE_TESTABILITY = YES;
				GCC_C_LANGUAGE_STANDARD = gnu11;
				GCC_DYNAMIC_NO_PIC = NO;
				GCC_NO_COMMON_BLOCKS = YES;
				GCC_OPTIMIZATION_LEVEL = 0;
				GCC_PREPROCESSOR_DEFINITIONS = (
					"DEBUG=1",
					"$(inherited)",
				);
				GCC_WARN_64_TO_32_BIT_CONVERSION = YES;
				GCC_WARN_ABOUT_RETURN_TYPE = YES_ERROR;
				GCC_WARN_UNDECLARED_SELECTOR = YES;
				GCC_WARN_UNINITIALIZED_AUTOS = YES_AGGRESSIVE;
				GCC_WARN_UNUSED_FUNCTION = YES;
				GCC_WARN_UNUSED_VARIABLE = YES;
				IPHONEOS_DEPLOYMENT_TARGET = 12.0;
				MTL_ENABLE_DEBUG_INFO = INCLUDE_SOURCE;
				MTL_FAST_MATH = YES;
				ONLY_ACTIVE_ARCH = YES;
				SDKROOT = iphoneos;
				SWIFT_ACTIVE_COMPILATION_CONDITIONS = DEBUG;
				SWIFT_OPTIMIZATION_LEVEL = "-Onone";
			};
			name = Debug;
		};
		CE88C201262E9CD300FD443A /* Release */ = {
			isa = XCBuildConfiguration;
			buildSettings = {
				ALWAYS_SEARCH_USER_PATHS = NO;
				CLANG_ANALYZER_NONNULL = YES;
				CLANG_ANALYZER_NUMBER_OBJECT_CONVERSION = YES_AGGRESSIVE;
				CLANG_CXX_LANGUAGE_STANDARD = "gnu++14";
				CLANG_CXX_LIBRARY = "libc++";
				CLANG_ENABLE_MODULES = YES;
				CLANG_ENABLE_OBJC_ARC = YES;
				CLANG_ENABLE_OBJC_WEAK = YES;
				CLANG_WARN_BLOCK_CAPTURE_AUTORELEASING = YES;
				CLANG_WARN_BOOL_CONVERSION = YES;
				CLANG_WARN_COMMA = YES;
				CLANG_WARN_CONSTANT_CONVERSION = YES;
				CLANG_WARN_DEPRECATED_OBJC_IMPLEMENTATIONS = YES;
				CLANG_WARN_DIRECT_OBJC_ISA_USAGE = YES_ERROR;
				CLANG_WARN_DOCUMENTATION_COMMENTS = YES;
				CLANG_WARN_EMPTY_BODY = YES;
				CLANG_WARN_ENUM_CONVERSION = YES;
				CLANG_WARN_INFINITE_RECURSION = YES;
				CLANG_WARN_INT_CONVERSION = YES;
				CLANG_WARN_NON_LITERAL_NULL_CONVERSION = YES;
				CLANG_WARN_OBJC_IMPLICIT_RETAIN_SELF = YES;
				CLANG_WARN_OBJC_LITERAL_CONVERSION = YES;
				CLANG_WARN_OBJC_ROOT_CLASS = YES_ERROR;
				CLANG_WARN_RANGE_LOOP_ANALYSIS = YES;
				CLANG_WARN_STRICT_PROTOTYPES = YES;
				CLANG_WARN_SUSPICIOUS_MOVE = YES;
				CLANG_WARN_UNGUARDED_AVAILABILITY = YES_AGGRESSIVE;
				CLANG_WARN_UNREACHABLE_CODE = YES;
				CLANG_WARN__DUPLICATE_METHOD_MATCH = YES;
				CODE_SIGN_IDENTITY = "iPhone Developer";
				COPY_PHASE_STRIP = NO;
				DEBUG_INFORMATION_FORMAT = "dwarf-with-dsym";
				ENABLE_NS_ASSERTIONS = NO;
				ENABLE_STRICT_OBJC_MSGSEND = YES;
				GCC_C_LANGUAGE_STANDARD = gnu11;
				GCC_NO_COMMON_BLOCKS = YES;
				GCC_WARN_64_TO_32_BIT_CONVERSION = YES;
				GCC_WARN_ABOUT_RETURN_TYPE = YES_ERROR;
				GCC_WARN_UNDECLARED_SELECTOR = YES;
				GCC_WARN_UNINITIALIZED_AUTOS = YES_AGGRESSIVE;
				GCC_WARN_UNUSED_FUNCTION = YES;
				GCC_WARN_UNUSED_VARIABLE = YES;
				IPHONEOS_DEPLOYMENT_TARGET = 12.0;
				MTL_ENABLE_DEBUG_INFO = NO;
				MTL_FAST_MATH = YES;
				SDKROOT = iphoneos;
				SWIFT_COMPILATION_MODE = wholemodule;
				SWIFT_OPTIMIZATION_LEVEL = "-O";
				VALIDATE_PRODUCT = YES;
			};
			name = Release;
		};
		CE88C203262E9CD300FD443A /* Debug */ = {
			isa = XCBuildConfiguration;
			buildSettings = {
				ASSETCATALOG_COMPILER_APPICON_NAME = AppIcon;
				CODE_SIGN_STYLE = Automatic;
				INFOPLIST_FILE = FemFit/Info.plist;
				LD_RUNPATH_SEARCH_PATHS = (
					"$(inherited)",
					"@executable_path/Frameworks",
				);
				PRODUCT_BUNDLE_IDENTIFIER = Ernur.FemFit;
				PRODUCT_NAME = "$(TARGET_NAME)";
				SWIFT_VERSION = 4.2;
				TARGETED_DEVICE_FAMILY = "1,2";
			};
			name = Debug;
		};
		CE88C204262E9CD300FD443A /* Release */ = {
			isa = XCBuildConfiguration;
			buildSettings = {
				ASSETCATALOG_COMPILER_APPICON_NAME = AppIcon;
				CODE_SIGN_STYLE = Automatic;
				INFOPLIST_FILE = FemFit/Info.plist;
				LD_RUNPATH_SEARCH_PATHS = (
					"$(inherited)",
					"@executable_path/Frameworks",
				);
				PRODUCT_BUNDLE_IDENTIFIER = Ernur.FemFit;
				PRODUCT_NAME = "$(TARGET_NAME)";
				SWIFT_VERSION = 4.2;
				TARGETED_DEVICE_FAMILY = "1,2";
			};
			name = Release;
		};
/* End XCBuildConfiguration section */

/* Begin XCConfigurationList section */
		CE88C1E8262E9CD100FD443A /* Build configuration list for PBXProject "FemFit" */ = {
			isa = XCConfigurationList;
			buildConfigurations = (
				CE88C200262E9CD300FD443A /* Debug */,
				CE88C201262E9CD300FD443A /* Release */,
			);
			defaultConfigurationIsVisible = 0;
			defaultConfigurationName = Release;
		};
		CE88C202262E9CD300FD443A /* Build configuration list for PBXNativeTarget "FemFit" */ = {
			isa = XCConfigurationList;
			buildConfigurations = (
				CE88C203262E9CD300FD443A /* Debug */,
				CE88C204262E9CD300FD443A /* Release */,
			);
			defaultConfigurationIsVisible = 0;
			defaultConfigurationName = Release;
		};
/* End XCConfigurationList section */

/* Begin XCVersionGroup section */
		CE88C1F7262E9CD100FD443A /* FemFit.xcdatamodeld */ = {
			isa = XCVersionGroup;
			children = (
				CE88C1F8262E9CD100FD443A /* FemFit.xcdatamodel */,
			);
			currentVersion = CE88C1F8262E9CD100FD443A /* FemFit.xcdatamodel */;
			path = FemFit.xcdatamodeld;
			sourceTree = "<group>";
			versionGroupType = wrapper.xcdatamodel;
		};
/* End XCVersionGroup section */
	};
	rootObject = CE88C1E5262E9CD100FD443A /* Project object */;
}
